
Microsoft Visual Studio Solution File, Format Version 11.00
# Visual Studio 2010
Project("{FAE04EC0-301F-11D3-BF4B-00C04F79EFBC}") = "Assembly-CSharp", "Assembly-CSharp.csproj", "{950ab5d6-ef7a-01aa-cc00-dbd6c8695af6}"
EndProject
Project("{FAE04EC0-301F-11D3-BF4B-00C04F79EFBC}") = "Tests", "Tests.csproj", "{caffe53f-b596-7aa1-68de-20ca7566de42}"
EndProject
Global
	GlobalSection(SolutionConfigurationPlatforms) = preSolution
		Debug|Any CPU = Debug|Any CPU
	EndGlobalSection
	GlobalSection(ProjectConfigurationPlatforms) = postSolution
		{950ab5d6-ef7a-01aa-cc00-dbd6c8695af6}.Debug|Any CPU.ActiveCfg = Debug|Any CPU
		{950ab5d6-ef7a-01aa-cc00-dbd6c8695af6}.Debug|Any CPU.Build.0 = Debug|Any CPU
		{caffe53f-b596-7aa1-68de-20ca7566de42}.Debug|Any CPU.ActiveCfg = Debug|Any CPU
		{caffe53f-b596-7aa1-68de-20ca7566de42}.Debug|Any CPU.Build.0 = Debug|Any CPU
	EndGlobalSection
	GlobalSection(SolutionProperties) = preSolution
		HideSolutionNode = FALSE
	EndGlobalSection
EndGlobal
